github.com/BurntSushi/toml v1.5.0 h1:W5quZX/G/csjUnuI8SUYlsHs9M38FC7znL0lIO+DvMg=
github.com/BurntSushi/toml v1.5.0/go.mod h1:ukJfTF/6rtPPRCnwkur4qwRxa8vTRFBF0uk2lLoLwho=
github.com/imjasonh/version v0.0.1 h1:SryASrG3zDTBqt6XJpZYdwqlHwtjgbgSL+ocN3T4vyE=
github.com/imjasonh/version v0.0.1/go.mod h1:ZAxW5faGZb3dfICmLrjaZTPwjputPxSIhXG1xlCKcGI=
github.com/loicsikidi/mdbook-plugin v0.0.0-20260221200818-33b62937fdc1 h1:6q6N2KHvhqt5q/v63ipACYaTUl9vkCxm9h18655oj1s=
github.com/loicsikidi/mdbook-plugin v0.0.0-20260221200818-33b62937fdc1/go.mod h1:8PjWiZAoqjsXgL31NUTOk9P8ZNz6B+/bDpQbmoWqYe4=
github.com/yuin/goldmark v1.7.13 h1:GPddIs617DnBLFFVJFgpo1aBfe/4xcvMc3SB5t/D0pA=
github.com/yuin/goldmark v1.7.13/go.mod h1:ip/1k0VRfGynBgxOz0yCqHrbZXhcjxyuS66Brc7iBKg=
